
Microsoft Visual Studio Solution File, Format Version 12.00
# Visual Studio 15
VisualStudioVersion = 15.0.28307.572
MinimumVisualStudioVersion = 10.0.40219.1
Project("{FAE04EC0-301F-11D3-BF4B-00C04F79EFBC}") = "IMPLUS", "IMPLUS\IMPLUS.csproj", "{7B746C97-3C92-46EA-A91D-33FE91B439B1}"
EndProject
Global
	GlobalSection(SolutionConfigurationPlatforms) = preSolution
		Debug|Any CPU = Debug|Any CPU
		Release|Any CPU = Release|Any CPU
	EndGlobalSection
	GlobalSection(ProjectConfigurationPlatforms) = postSolution
		{7B746C97-3C92-46EA-A91D-33FE91B439B1}.Debug|Any CPU.ActiveCfg = Debug|Any CPU
		{7B746C97-3C92-46EA-A91D-33FE91B439B1}.Debug|Any CPU.Build.0 = Debug|Any CPU
		{7B746C97-3C92-46EA-A91D-33FE91B439B1}.Release|Any CPU.ActiveCfg = Release|Any CPU
		{7B746C97-3C92-46EA-A91D-33FE91B439B1}.Release|Any CPU.Build.0 = Release|Any CPU
	EndGlobalSection
	GlobalSection(SolutionProperties) = preSolution
		HideSolutionNode = FALSE
	EndGlobalSection
	GlobalSection(ExtensibilityGlobals) = postSolution
		SolutionGuid = {0991209C-9F37-4B43-838F-C8ED98615584}
	EndGlobalSection
EndGlobal
